// !$*UTF8*$!
{
	archiveVersion = 1;
	classes = {
	};
	objectVersion = 46;
	objects = {

/* Begin PBXBuildFile section */
		90B348D81F539F7D00285EA2 /* ComparaString.c in Sources */ = {isa = PBXBuildFile; fileRef = 90B348D61F539F7D00285EA2 /* ComparaString.c */; };
		90B348DA1F539FF100285EA2 /* EditorTextoSimples.c in Sources */ = {isa = PBXBuildFile; fileRef = 90B348D91F539FF100285EA2 /* EditorTextoSimples.c */; };
		90B348DC1F53A02800285EA2 /* EscrevendoArquivo.c in Sources */ = {isa = PBXBuildFile; fileRef = 90B348DB1F53A02800285EA2 /* EscrevendoArquivo.c */; };
		90B348DE1F53A0C500285EA2 /* JurosCompostos.c in Sources */ = {isa = PBXBuildFile; fileRef = 90B348DD1F53A0C500285EA2 /* JurosCompostos.c */; };
		90B348E01F53A2B000285EA2 /* Ponteiros.c in Sources */ = {isa = PBXBuildFile; fileRef = 90B348DF1F53A2B000285EA2 /* Ponteiros.c */; };
		90B348E21F53A2DA00285EA2 /* Strings.c in Sources */ = {isa = PBXBuildFile; fileRef = 90B348E11F53A2DA00285EA2 /* Strings.c */; };
/* End PBXBuildFile section */

/* Begin PBXCopyFilesBuildPhase section */
		90B348C91F539ED000285EA2 /* CopyFiles */ = {
			isa = PBXCopyFilesBuildPhase;
			buildActionMask = 2147483647;
			dstPath = /usr/share/man/man1/;
			dstSubfolderSpec = 0;
			files = (
			);
			runOnlyForDeploymentPostprocessing = 1;
		};
/* End PBXCopyFilesBuildPhase section */

/* Begin PBXFileReference section */
		90B348CB1F539ED000285EA2 /* C */ = {isa = PBXFileReference; explicitFileType = "compiled.mach-o.executable"; includeInIndex = 0; path = C; sourceTree = BUILT_PRODUCTS_DIR; };
		90B348D61F539F7D00285EA2 /* ComparaString.c */ = {isa = PBXFileReference; fileEncoding = 4; lastKnownFileType = sourcecode.c.c; path = ComparaString.c; sourceTree = SOURCE_ROOT; };
		90B348D91F539FF100285EA2 /* EditorTextoSimples.c */ = {isa = PBXFileReference; fileEncoding = 4; lastKnownFileType = sourcecode.c.c; path = EditorTextoSimples.c; sourceTree = SOURCE_ROOT; };
		90B348DB1F53A02800285EA2 /* EscrevendoArquivo.c */ = {isa = PBXFileReference; fileEncoding = 4; lastKnownFileType = sourcecode.c.c; path = EscrevendoArquivo.c; sourceTree = SOURCE_ROOT; };
		90B348DD1F53A0C500285EA2 /* JurosCompostos.c */ = {isa = PBXFileReference; fileEncoding = 4; lastKnownFileType = sourcecode.c.c; path = JurosCompostos.c; sourceTree = SOURCE_ROOT; };
		90B348DF1F53A2B000285EA2 /* Ponteiros.c */ = {isa = PBXFileReference; fileEncoding = 4; lastKnownFileType = sourcecode.c.c; path = Ponteiros.c; sourceTree = SOURCE_ROOT; };
		90B348E11F53A2DA00285EA2 /* Strings.c */ = {isa = PBXFileReference; fileEncoding = 4; lastKnownFileType = sourcecode.c.c; path = Strings.c; sourceTree = SOURCE_ROOT; };
/* End PBXFileReference section */

/* Begin PBXFrameworksBuildPhase section */
		90B348C81F539ED000285EA2 /* Frameworks */ = {
			isa = PBXFrameworksBuildPhase;
			buildActionMask = 2147483647;
			files = (
			);
			runOnlyForDeploymentPostprocessing = 0;
		};
/* End PBXFrameworksBuildPhase section */

/* Begin PBXGroup section */
		90B348C21F539ED000285EA2 = {
			isa = PBXGroup;
			children = (
				90B348CD1F539ED000285EA2 /* C */,
				90B348CC1F539ED000285EA2 /* Products */,
			);
			sourceTree = "<group>";
		};
		90B348CC1F539ED000285EA2 /* Products */ = {
			isa = PBXGroup;
			children = (
				90B348CB1F539ED000285EA2 /* C */,
			);
			name = Products;
			sourceTree = "<group>";
		};
		90B348CD1F539ED000285EA2 /* C */ = {
			isa = PBXGroup;
			children = (
				90B348D61F539F7D00285EA2 /* ComparaString.c */,
				90B348D91F539FF100285EA2 /* EditorTextoSimples.c */,
				90B348DB1F53A02800285EA2 /* EscrevendoArquivo.c */,
				90B348DD1F53A0C500285EA2 /* JurosCompostos.c */,
				90B348DF1F53A2B000285EA2 /* Ponteiros.c */,
				90B348E11F53A2DA00285EA2 /* Strings.c */,
			);
			path = C;
			sourceTree = "<group>";
		};
/* End PBXGroup section */

/* Begin PBXNativeTarget section */
		90B348CA1F539ED000285EA2 /* C */ = {
			isa = PBXNativeTarget;
			buildConfigurationList = 90B348D21F539ED000285EA2 /* Build configuration list for PBXNativeTarget "C" */;
			buildPhases = (
				90B348C71F539ED000285EA2 /* Sources */,
				90B348C81F539ED000285EA2 /* Frameworks */,
				90B348C91F539ED000285EA2 /* CopyFiles */,
			);
			buildRules = (
			);
			dependencies = (
			);
			name = C;
			productName = C;
			productReference = 90B348CB1F539ED000285EA2 /* C */;
			productType = "com.apple.product-type.tool";
		};
/* End PBXNativeTarget section */

/* Begin PBXProject section */
		90B348C31F539ED000285EA2 /* Project object */ = {
			isa = PBXProject;
			attributes = {
				LastUpgradeCheck = 0830;
				ORGANIZATIONNAME = R2D2;
				TargetAttributes = {
					90B348CA1F539ED000285EA2 = {
						CreatedOnToolsVersion = 8.3.3;
						DevelopmentTeam = F7K29UV4SW;
						ProvisioningStyle = Automatic;
					};
				};
			};
			buildConfigurationList = 90B348C61F539ED000285EA2 /* Build configuration list for PBXProject "C" */;
			compatibilityVersion = "Xcode 3.2";
			developmentRegion = English;
			hasScannedForEncodings = 0;
			knownRegions = (
				en,
			);
			mainGroup = 90B348C21F539ED000285EA2;
			productRefGroup = 90B348CC1F539ED000285EA2 /* Products */;
			projectDirPath = "";
			projectRoot = "";
			targets = (
				90B348CA1F539ED000285EA2 /* C */,
			);
		};
/* End PBXProject section */

/* Begin PBXSourcesBuildPhase section */
		90B348C71F539ED000285EA2 /* Sources */ = {
			isa = PBXSourcesBuildPhase;
			buildActionMask = 2147483647;
			files = (
				90B348DC1F53A02800285EA2 /* EscrevendoArquivo.c in Sources */,
				90B348D81F539F7D00285EA2 /* ComparaString.c in Sources */,
				90B348E21F53A2DA00285EA2 /* Strings.c in Sources */,
				90B348DA1F539FF100285EA2 /* EditorTextoSimples.c in Sources */,
				90B348E01F53A2B000285EA2 /* Ponteiros.c in Sources */,
				90B348DE1F53A0C500285EA2 /* JurosCompostos.c in Sources */,
			);
			runOnlyForDeploymentPostprocessing = 0;
		};
/* End PBXSourcesBuildPhase section */

/* Begin XCBuildConfiguration section */
		90B348D01F539ED000285EA2 /* Debug */ = {
			isa = XCBuildConfiguration;
			buildSettings = {
				ALWAYS_SEARCH_USER_PATHS = NO;
				CLANG_ANALYZER_NONNULL = YES;
				CLANG_ANALYZER_NUMBER_OBJECT_CONVERSION = YES_AGGRESSIVE;
				CLANG_CXX_LANGUAGE_STANDARD = "gnu++0x";
				CLANG_CXX_LIBRARY = "libc++";
				CLANG_ENABLE_MODULES = YES;
				CLANG_ENABLE_OBJC_ARC = YES;
				CLANG_WARN_BOOL_CONVERSION = YES;
				CLANG_WARN_CONSTANT_CONVERSION = YES;
				CLANG_WARN_DIRECT_OBJC_ISA_USAGE = YES_ERROR;
				CLANG_WARN_DOCUMENTATION_COMMENTS = YES;
				CLANG_WARN_EMPTY_BODY = YES;
				CLANG_WARN_ENUM_CONVERSION = YES;
				CLANG_WARN_INFINITE_RECURSION = YES;
				CLANG_WARN_INT_CONVERSION = YES;
				CLANG_WARN_OBJC_ROOT_CLASS = YES_ERROR;
				CLANG_WARN_SUSPICIOUS_MOVE = YES;
				CLANG_WARN_UNREACHABLE_CODE = YES;
				CLANG_WARN__DUPLICATE_METHOD_MATCH = YES;
				CODE_SIGN_IDENTITY = "-";
				COPY_PHASE_STRIP = NO;
				DEBUG_INFORMATION_FORMAT = dwarf;
				ENABLE_STRICT_OBJC_MSGSEND = YES;
				ENABLE_TESTABILITY = YES;
				GCC_C_LANGUAGE_STANDARD = gnu99;
				GCC_DYNAMIC_NO_PIC = NO;
				GCC_NO_COMMON_BLOCKS = YES;
				GCC_OPTIMIZATION_LEVEL = 0;
				GCC_PREPROCESSOR_DEFINITIONS = (
					"DEBUG=1",
					"$(inherited)",
				);
				GCC_WARN_64_TO_32_BIT_CONVERSION = YES;
				GCC_WARN_ABOUT_RETURN_TYPE = YES_ERROR;
				GCC_WARN_UNDECLARED_SELECTOR = YES;
				GCC_WARN_UNINITIALIZED_AUTOS = YES_AGGRESSIVE;
				GCC_WARN_UNUSED_FUNCTION = YES;
				GCC_WARN_UNUSED_VARIABLE = YES;
				MACOSX_DEPLOYMENT_TARGET = 10.12;
				MTL_ENABLE_DEBUG_INFO = YES;
				ONLY_ACTIVE_ARCH = YES;
				SDKROOT = macosx;
			};
			name = Debug;
		};
		90B348D11F539ED000285EA2 /* Release */ = {
			isa = XCBuildConfiguration;
			buildSettings = {
				ALWAYS_SEARCH_USER_PATHS = NO;
				CLANG_ANALYZER_NONNULL = YES;
				CLANG_ANALYZER_NUMBER_OBJECT_CONVERSION = YES_AGGRESSIVE;
				CLANG_CXX_LANGUAGE_STANDARD = "gnu++0x";
				CLANG_CXX_LIBRARY = "libc++";
				CLANG_ENABLE_MODULES = YES;
				CLANG_ENABLE_OBJC_ARC = YES;
				CLANG_WARN_BOOL_CONVERSION = YES;
				CLANG_WARN_CONSTANT_CONVERSION = YES;
				CLANG_WARN_DIRECT_OBJC_ISA_USAGE = YES_ERROR;
				CLANG_WARN_DOCUMENTATION_COMMENTS = YES;
				CLANG_WARN_EMPTY_BODY = YES;
				CLANG_WARN_ENUM_CONVERSION = YES;
				CLANG_WARN_INFINITE_RECURSION = YES;
				CLANG_WARN_INT_CONVERSION = YES;
				CLANG_WARN_OBJC_ROOT_CLASS = YES_ERROR;
				CLANG_WARN_SUSPICIOUS_MOVE = YES;
				CLANG_WARN_UNREACHABLE_CODE = YES;
				CLANG_WARN__DUPLICATE_METHOD_MATCH = YES;
				CODE_SIGN_IDENTITY = "-";
				COPY_PHASE_STRIP = NO;
				DEBUG_INFORMATION_FORMAT = "dwarf-with-dsym";
				ENABLE_NS_ASSERTIONS = NO;
				ENABLE_STRICT_OBJC_MSGSEND = YES;
				GCC_C_LANGUAGE_STANDARD = gnu99;
				GCC_NO_COMMON_BLOCKS = YES;
				GCC_WARN_64_TO_32_BIT_CONVERSION = YES;
				GCC_WARN_ABOUT_RETURN_TYPE = YES_ERROR;
				GCC_WARN_UNDECLARED_SELECTOR = YES;
				GCC_WARN_UNINITIALIZED_AUTOS = YES_AGGRESSIVE;
				GCC_WARN_UNUSED_FUNCTION = YES;
				GCC_WARN_UNUSED_VARIABLE = YES;
				MACOSX_DEPLOYMENT_TARGET = 10.12;
				MTL_ENABLE_DEBUG_INFO = NO;
				SDKROOT = macosx;
			};
			name = Release;
		};
		90B348D31F539ED000285EA2 /* Debug */ = {
			isa = XCBuildConfiguration;
			buildSettings = {
				DEVELOPMENT_TEAM = F7K29UV4SW;
				PRODUCT_NAME = "$(TARGET_NAME)";
			};
			name = Debug;
		};
		90B348D41F539ED000285EA2 /* Release */ = {
			isa = XCBuildConfiguration;
			buildSettings = {
				DEVELOPMENT_TEAM = F7K29UV4SW;
				PRODUCT_NAME = "$(TARGET_NAME)";
			};
			name = Release;
		};
/* End XCBuildConfiguration section */

/* Begin XCConfigurationList section */
		90B348C61F539ED000285EA2 /* Build configuration list for PBXProject "C" */ = {
			isa = XCConfigurationList;
			buildConfigurations = (
				90B348D01F539ED000285EA2 /* Debug */,
				90B348D11F539ED000285EA2 /* Release */,
			);
			defaultConfigurationIsVisible = 0;
			defaultConfigurationName = Release;
		};
		90B348D21F539ED000285EA2 /* Build configuration list for PBXNativeTarget "C" */ = {
			isa = XCConfigurationList;
			buildConfigurations = (
				90B348D31F539ED000285EA2 /* Debug */,
				90B348D41F539ED000285EA2 /* Release */,
			);
			defaultConfigurationIsVisible = 0;
		};
/* End XCConfigurationList section */
	};
	rootObject = 90B348C31F539ED000285EA2 /* Project object */;
}
